
Microsoft Visual Studio Solution File, Format Version 12.00
# Visual Studio 14
VisualStudioVersion = 14.0.23107.0
MinimumVisualStudioVersion = 10.0.40219.1
Project("{FAE04EC0-301F-11D3-BF4B-00C04F79EFBC}") = "KUASCYCLAB", "KUASCYCLAB\KUASCYCLAB.csproj", "{68DDCDAE-80A9-4EAA-8830-27C9E354AD58}"
EndProject
Global
	GlobalSection(SolutionConfigurationPlatforms) = preSolution
		Debug|Any CPU = Debug|Any CPU
		Debug-MVC3|Any CPU = Debug-MVC3|Any CPU
		Debug-MVC5|Any CPU = Debug-MVC5|Any CPU
		Release|Any CPU = Release|Any CPU
		Release-MVC3|Any CPU = Release-MVC3|Any CPU
		Release-MVC5|Any CPU = Release-MVC5|Any CPU
	EndGlobalSection
	GlobalSection(ProjectConfigurationPlatforms) = postSolution
		{68DDCDAE-80A9-4EAA-8830-27C9E354AD58}.Debug|Any CPU.ActiveCfg = Debug|Any CPU
		{68DDCDAE-80A9-4EAA-8830-27C9E354AD58}.Debug|Any CPU.Build.0 = Debug|Any CPU
		{68DDCDAE-80A9-4EAA-8830-27C9E354AD58}.Debug-MVC3|Any CPU.ActiveCfg = Debug|Any CPU
		{68DDCDAE-80A9-4EAA-8830-27C9E354AD58}.Debug-MVC3|Any CPU.Build.0 = Debug|Any CPU
		{68DDCDAE-80A9-4EAA-8830-27C9E354AD58}.Debug-MVC5|Any CPU.ActiveCfg = Debug|Any CPU
		{68DDCDAE-80A9-4EAA-8830-27C9E354AD58}.Debug-MVC5|Any CPU.Build.0 = Debug|Any CPU
		{68DDCDAE-80A9-4EAA-8830-27C9E354AD58}.Release|Any CPU.ActiveCfg = Release|Any CPU
		{68DDCDAE-80A9-4EAA-8830-27C9E354AD58}.Release|Any CPU.Build.0 = Release|Any CPU
		{68DDCDAE-80A9-4EAA-8830-27C9E354AD58}.Release-MVC3|Any CPU.ActiveCfg = Release|Any CPU
		{68DDCDAE-80A9-4EAA-8830-27C9E354AD58}.Release-MVC3|Any CPU.Build.0 = Release|Any CPU
		{68DDCDAE-80A9-4EAA-8830-27C9E354AD58}.Release-MVC5|Any CPU.ActiveCfg = Release|Any CPU
		{68DDCDAE-80A9-4EAA-8830-27C9E354AD58}.Release-MVC5|Any CPU.Build.0 = Release|Any CPU
	EndGlobalSection
	GlobalSection(SolutionProperties) = preSolution
		HideSolutionNode = FALSE
	EndGlobalSection
EndGlobal
